
Microsoft Visual Studio Solution File, Format Version 12.00
# Visual Studio Version 17
VisualStudioVersion = 17.0.31903.59
MinimumVisualStudioVersion = 10.0.40219.1
Project("{9A19103F-16F7-4668-BE54-9A1E7A4F7556}") = "ShiftDigital.Dapr.Client.Extensions", "ShiftDigital.Dapr.Client.Extensions\ShiftDigital.Dapr.Client.Extensions.csproj", "{12D3605E-9AB2-43AB-9442-4CD81D385DED}"
EndProject
Global
	GlobalSection(SolutionConfigurationPlatforms) = preSolution
		Debug|Any CPU = Debug|Any CPU
		Release|Any CPU = Release|Any CPU
	EndGlobalSection
	GlobalSection(ProjectConfigurationPlatforms) = postSolution
		{12D3605E-9AB2-43AB-9442-4CD81D385DED}.Debug|Any CPU.ActiveCfg = Debug|Any CPU
		{12D3605E-9AB2-43AB-9442-4CD81D385DED}.Debug|Any CPU.Build.0 = Debug|Any CPU
		{12D3605E-9AB2-43AB-9442-4CD81D385DED}.Release|Any CPU.ActiveCfg = Release|Any CPU
		{12D3605E-9AB2-43AB-9442-4CD81D385DED}.Release|Any CPU.Build.0 = Release|Any CPU
	EndGlobalSection
	GlobalSection(SolutionProperties) = preSolution
		HideSolutionNode = FALSE
	EndGlobalSection
	GlobalSection(ExtensibilityGlobals) = postSolution
		SolutionGuid = {3250FDC8-4207-4E01-A81F-B2F0FEB50FEF}
	EndGlobalSection
EndGlobal
